
Microsoft Visual Studio Solution File, Format Version 12.00
# Visual Studio Version 16
VisualStudioVersion = 16.0.31515.178
MinimumVisualStudioVersion = 10.0.40219.1
Project("{FAE04EC0-301F-11D3-BF4B-00C04F79EFBC}") = "CentroNaturistaMasaya", "CentroNaturistaMasaya.csproj", "{B560D7F1-F604-473E-A989-9EBCA307FA69}"
EndProject
Project("{FAE04EC0-301F-11D3-BF4B-00C04F79EFBC}") = "TestCNM", "..\TestCNM\TestCNM.csproj", "{315B4A37-0E62-4141-8EBD-1719B29B26E2}"
EndProject
Global
	GlobalSection(SolutionConfigurationPlatforms) = preSolution
		Debug|Any CPU = Debug|Any CPU
		Release|Any CPU = Release|Any CPU
	EndGlobalSection
	GlobalSection(ProjectConfigurationPlatforms) = postSolution
		{B560D7F1-F604-473E-A989-9EBCA307FA69}.Debug|Any CPU.ActiveCfg = Debug|Any CPU
		{B560D7F1-F604-473E-A989-9EBCA307FA69}.Debug|Any CPU.Build.0 = Debug|Any CPU
		{B560D7F1-F604-473E-A989-9EBCA307FA69}.Release|Any CPU.ActiveCfg = Release|Any CPU
		{B560D7F1-F604-473E-A989-9EBCA307FA69}.Release|Any CPU.Build.0 = Release|Any CPU
		{315B4A37-0E62-4141-8EBD-1719B29B26E2}.Debug|Any CPU.ActiveCfg = Debug|Any CPU
		{315B4A37-0E62-4141-8EBD-1719B29B26E2}.Debug|Any CPU.Build.0 = Debug|Any CPU
		{315B4A37-0E62-4141-8EBD-1719B29B26E2}.Release|Any CPU.ActiveCfg = Release|Any CPU
		{315B4A37-0E62-4141-8EBD-1719B29B26E2}.Release|Any CPU.Build.0 = Release|Any CPU
	EndGlobalSection
	GlobalSection(SolutionProperties) = preSolution
		HideSolutionNode = FALSE
	EndGlobalSection
	GlobalSection(ExtensibilityGlobals) = postSolution
		SolutionGuid = {C5B25836-5639-4501-81C3-6D790D6387DC}
	EndGlobalSection
EndGlobal
